
Microsoft Visual Studio Solution File, Format Version 12.00
# Visual Studio Version 17
VisualStudioVersion = 17.7.34202.233
MinimumVisualStudioVersion = 10.0.40219.1
Project("{FAE04EC0-301F-11D3-BF4B-00C04F79EFBC}") = "Tema3-Estaciones", "Tema3-Estaciones\Tema3-Estaciones.csproj", "{73B6193D-D521-4CCF-8C9C-21D0FDBADE77}"
EndProject
Global
	GlobalSection(SolutionConfigurationPlatforms) = preSolution
		Debug|Any CPU = Debug|Any CPU
		Release|Any CPU = Release|Any CPU
	EndGlobalSection
	GlobalSection(ProjectConfigurationPlatforms) = postSolution
		{73B6193D-D521-4CCF-8C9C-21D0FDBADE77}.Debug|Any CPU.ActiveCfg = Debug|Any CPU
		{73B6193D-D521-4CCF-8C9C-21D0FDBADE77}.Debug|Any CPU.Build.0 = Debug|Any CPU
		{73B6193D-D521-4CCF-8C9C-21D0FDBADE77}.Release|Any CPU.ActiveCfg = Release|Any CPU
		{73B6193D-D521-4CCF-8C9C-21D0FDBADE77}.Release|Any CPU.Build.0 = Release|Any CPU
	EndGlobalSection
	GlobalSection(SolutionProperties) = preSolution
		HideSolutionNode = FALSE
	EndGlobalSection
	GlobalSection(ExtensibilityGlobals) = postSolution
		SolutionGuid = {175415B8-31F4-49F3-91B3-F361257C61A0}
	EndGlobalSection
EndGlobal
